lockfileVersion: 5.3

specifiers:
  '@autolib/autodom': ^1.0.0
  '@babel/standalone': ^7.17.4
  acorn: ^8.7.0
  acorn-jsx: ^5.3.2

dependencies:
  '@autolib/autodom': link:../autodom
  '@babel/standalone': 7.17.4
  acorn: 8.7.0
  acorn-jsx: 5.3.2_acorn@8.7.0

packages:

  /@babel/standalone/7.17.4:
    resolution: {integrity: sha512-WrWUXB+d3q3Qj7hr95fhuN7kGAPneCM+eljIXnSBGi2US4GuCZJ+pjw/Me+vSetz0OzjbxujIlpY+KJ2utNHhQ==}
    engines: {node: '>=6.9.0'}
    dev: false

  /acorn-jsx/5.3.2_acorn@8.7.0:
    resolution: {integrity: sha512-rq9s+JNhf0IChjtDXxllJ7g41oZk5SlXtp0LHwyA5cejwn7vKmKp4pPri6YEePv2PU65sAsegbXtIinmDFDXgQ==}
    peerDependencies:
      acorn: ^6.0.0 || ^7.0.0 || ^8.0.0
    dependencies:
      acorn: 8.7.0
    dev: false

  /acorn/8.7.0:
    resolution: {integrity: sha512-V/LGr1APy+PXIwKebEWrkZPwoeoF+w1jiOBUmuxuiUIaOHtob8Qc9BTrYo7VuI5fR8tqsy+buA2WFooR5olqvQ==}
    engines: {node: '>=0.4.0'}
    hasBin: true
    dev: false
